
Microsoft Visual Studio Solution File, Format Version 12.00
# Visual Studio Version 17
VisualStudioVersion = 17.9.34723.18
MinimumVisualStudioVersion = 10.0.40219.1
Project("{FAE04EC0-301F-11D3-BF4B-00C04F79EFBC}") = "proyecto[practira04]", "proyecto[practira04]\proyecto[practira04].csproj", "{D9372C74-E952-4D16-AB04-A9F20575F91B}"
	ProjectSection(ProjectDependencies) = postProject
		{1079919E-A793-4598-B987-F78FDFFEA8F9} = {1079919E-A793-4598-B987-F78FDFFEA8F9}
	EndProjectSection
EndProject
Project("{FAE04EC0-301F-11D3-BF4B-00C04F79EFBC}") = "ServicioDLL", "ServicioDLL\ServicioDLL.csproj", "{1079919E-A793-4598-B987-F78FDFFEA8F9}"
EndProject
Global
	GlobalSection(SolutionConfigurationPlatforms) = preSolution
		Debug|Any CPU = Debug|Any CPU
		Release|Any CPU = Release|Any CPU
	EndGlobalSection
	GlobalSection(ProjectConfigurationPlatforms) = postSolution
		{D9372C74-E952-4D16-AB04-A9F20575F91B}.Debug|Any CPU.ActiveCfg = Debug|Any CPU
		{D9372C74-E952-4D16-AB04-A9F20575F91B}.Debug|Any CPU.Build.0 = Debug|Any CPU
		{D9372C74-E952-4D16-AB04-A9F20575F91B}.Release|Any CPU.ActiveCfg = Release|Any CPU
		{D9372C74-E952-4D16-AB04-A9F20575F91B}.Release|Any CPU.Build.0 = Release|Any CPU
		{1079919E-A793-4598-B987-F78FDFFEA8F9}.Debug|Any CPU.ActiveCfg = Debug|Any CPU
		{1079919E-A793-4598-B987-F78FDFFEA8F9}.Debug|Any CPU.Build.0 = Debug|Any CPU
		{1079919E-A793-4598-B987-F78FDFFEA8F9}.Release|Any CPU.ActiveCfg = Release|Any CPU
		{1079919E-A793-4598-B987-F78FDFFEA8F9}.Release|Any CPU.Build.0 = Release|Any CPU
	EndGlobalSection
	GlobalSection(SolutionProperties) = preSolution
		HideSolutionNode = FALSE
	EndGlobalSection
	GlobalSection(ExtensibilityGlobals) = postSolution
		SolutionGuid = {E983D70C-D099-42C3-9CA5-AB81E277F228}
	EndGlobalSection
EndGlobal
